
Microsoft Visual Studio Solution File, Format Version 12.00
# Visual Studio Version 17
VisualStudioVersion = 17.2.32526.322
MinimumVisualStudioVersion = 10.0.40219.1
Project("{FAE04EC0-301F-11D3-BF4B-00C04F79EFBC}") = "DemoBE", "DemoBE\DemoBE.csproj", "{7F643A51-7160-49CE-A55F-6AA069FA6ECF}"
EndProject
Global
	GlobalSection(SolutionConfigurationPlatforms) = preSolution
		Debug|Any CPU = Debug|Any CPU
		Release|Any CPU = Release|Any CPU
	EndGlobalSection
	GlobalSection(ProjectConfigurationPlatforms) = postSolution
		{7F643A51-7160-49CE-A55F-6AA069FA6ECF}.Debug|Any CPU.ActiveCfg = Debug|Any CPU
		{7F643A51-7160-49CE-A55F-6AA069FA6ECF}.Debug|Any CPU.Build.0 = Debug|Any CPU
		{7F643A51-7160-49CE-A55F-6AA069FA6ECF}.Release|Any CPU.ActiveCfg = Release|Any CPU
		{7F643A51-7160-49CE-A55F-6AA069FA6ECF}.Release|Any CPU.Build.0 = Release|Any CPU
	EndGlobalSection
	GlobalSection(SolutionProperties) = preSolution
		HideSolutionNode = FALSE
	EndGlobalSection
	GlobalSection(ExtensibilityGlobals) = postSolution
		SolutionGuid = {2EF4BEC8-6090-42D2-9970-64F1DC508739}
	EndGlobalSection
EndGlobal
